
Microsoft Visual Studio Solution File, Format Version 12.00
# Visual Studio Version 16
VisualStudioVersion = 25.0.1706.8
MinimumVisualStudioVersion = 10.0.40219.1
Project("{FAE04EC0-301F-11D3-BF4B-00C04F79EFBC}") = "Capstone_Project", "Capstone_Project\Capstone_Project.csproj", "{5BE5C348-DA3F-4635-A01F-D01FDBEA317C}"
EndProject
Project("{FAE04EC0-301F-11D3-BF4B-00C04F79EFBC}") = "Capstone_ProjectTest", "Capstone_ProjectTest\Capstone_ProjectTest.csproj", "{C91AD0BB-B857-4BD9-B493-3866B8F7D0B2}"
EndProject
Global
	GlobalSection(SolutionConfigurationPlatforms) = preSolution
		Debug|Any CPU = Debug|Any CPU
		Release|Any CPU = Release|Any CPU
	EndGlobalSection
	GlobalSection(ProjectConfigurationPlatforms) = postSolution
		{5BE5C348-DA3F-4635-A01F-D01FDBEA317C}.Debug|Any CPU.ActiveCfg = Debug|Any CPU
		{5BE5C348-DA3F-4635-A01F-D01FDBEA317C}.Debug|Any CPU.Build.0 = Debug|Any CPU
		{5BE5C348-DA3F-4635-A01F-D01FDBEA317C}.Release|Any CPU.ActiveCfg = Release|Any CPU
		{5BE5C348-DA3F-4635-A01F-D01FDBEA317C}.Release|Any CPU.Build.0 = Release|Any CPU
		{C91AD0BB-B857-4BD9-B493-3866B8F7D0B2}.Debug|Any CPU.ActiveCfg = Debug|Any CPU
		{C91AD0BB-B857-4BD9-B493-3866B8F7D0B2}.Debug|Any CPU.Build.0 = Debug|Any CPU
		{C91AD0BB-B857-4BD9-B493-3866B8F7D0B2}.Release|Any CPU.ActiveCfg = Release|Any CPU
		{C91AD0BB-B857-4BD9-B493-3866B8F7D0B2}.Release|Any CPU.Build.0 = Release|Any CPU
	EndGlobalSection
	GlobalSection(SolutionProperties) = preSolution
		HideSolutionNode = FALSE
	EndGlobalSection
	GlobalSection(ExtensibilityGlobals) = postSolution
		SolutionGuid = {28651BCC-1636-4359-9D6E-5D0B28C4261F}
	EndGlobalSection
EndGlobal
